{
  "name": "io.github.kute.mysql-mock-data-ui",
  "lockfileVersion": 3,
  "requires": true,
  "packages": {
    "": {
      "name": "io.github.kute.mysql-mock-data-ui",
      "dependencies": {
        "@faker-js/faker": "^10.6.0",
        "chance": "^1.1.13"
      },
      "devDependencies": {
        "@sveltejs/vite-plugin-svelte": "^6.2.1",
        "svelte": "^5.38.7",
        "vite": "^7.3.6"
      }
    },
    "node_modules/@esbuild/aix-ppc64": {
      "version": "0.28.2",
      "resolved": "http://artifactory.intra.ke.com/artifactory/api/npm/npm-virtual/@esbuild/aix-ppc64/-/aix-ppc64-0.28.2.tgz",
      "integrity": "sha1-v24QMDvPLnxoaXX6Uvk37Cco2Lw=",
      "cpu": [
        "ppc64"
      ],
      "dev": true,
      "license": "MIT",
      "optional": true,
      "os": [
        "aix"
      ],
      "engines": {
        "node": ">=18"
      }
    },
    "node_modules/@esbuild/android-arm": {
      "version": "0.28.2",
      "resolved": "http://artifactory.intra.ke.com/artifactory/api/npm/npm-virtual/@esbuild/android-arm/-/android-arm-0.28.2.tgz",
      "integrity": "sha1-LYTs5qTiaE2SvibuE9QnV9gxw4E=",
      "cpu": [
        "arm"
      ],
      "dev": true,
      "license": "MIT",
      "optional": true,
      "os": [
        "android"
      ],
      "engines": {
        "node": ">=18"
      }
    },
    "node_modules/@esbuild/android-arm64": {
      "version": "0.28.2",
      "resolved": "http://artifactory.intra.ke.com/artifactory/api/npm/npm-virtual/@esbuild/android-arm64/-/android-arm64-0.28.2.tgz",
      "integrity": "sha1-DGJGvI0sTRcqrC2z+xGQ1yvWVQQ=",
      "cpu": [
        "arm64"
      ],
      "dev": true,
      "license": "MIT",
      "optional": true,
      "os": [
        "android"
      ],
      "engines": {
        "node": ">=18"
      }
    },
    "node_modules/@esbuild/android-x64": {
      "version": "0.28.2",
      "resolved": "http://artifactory.intra.ke.com/artifactory/api/npm/npm-virtual/@esbuild/android-x64/-/android-x64-0.28.2.tgz",
      "integrity": "sha1-/DjU1jWNjcHPU/CfdYn+Q262SAE=",
      "cpu": [
        "x64"
      ],
      "dev": true,
      "license": "MIT",
      "optional": true,
      "os": [
        "android"
      ],
      "engines": {
        "node": ">=18"
      }
    },
    "node_modules/@esbuild/darwin-arm64": {
      "version": "0.28.2",
      "resolved": "http://artifactory.intra.ke.com/artifactory/api/npm/npm-virtual/@esbuild/darwin-arm64/-/darwin-arm64-0.28.2.tgz",
      "integrity": "sha1-+Dr+6sHX2sAcei/QErPkUaBZH8w=",
      "cpu": [
        "arm64"
      ],
      "dev": true,
      "license": "MIT",
      "optional": true,
      "os": [
        "darwin"
      ],
      "engines": {
        "node": ">=18"
      }
    },
    "node_modules/@esbuild/darwin-x64": {
      "version": "0.28.2",
      "resolved": "http://artifactory.intra.ke.com/artifactory/api/npm/npm-virtual/@esbuild/darwin-x64/-/darwin-x64-0.28.2.tgz",
      "integrity": "sha1-UQFHwFWnlViNu+FP1rG4rQovMN4=",
      "cpu": [
        "x64"
      ],
      "dev": true,
      "license": "MIT",
      "optional": true,
      "os": [
        "darwin"
      ],
      "engines": {
        "node": ">=18"
      }
    },
    "node_modules/@esbuild/freebsd-arm64": {
      "version": "0.28.2",
      "resolved": "http://artifactory.intra.ke.com/artifactory/api/npm/npm-virtual/@esbuild/freebsd-arm64/-/freebsd-arm64-0.28.2.tgz",
      "integrity": "sha1-CTuSAOzwsRW6Tl4kinSFycX4vV4=",
      "cpu": [
        "arm64"
      ],
      "dev": true,
      "license": "MIT",
      "optional": true,
      "os": [
        "freebsd"
      ],
      "engines": {
        "node": ">=18"
      }
    },
    "node_modules/@esbuild/freebsd-x64": {
      "version": "0.28.2",
      "resolved": "http://artifactory.intra.ke.com/artifactory/api/npm/npm-virtual/@esbuild/freebsd-x64/-/freebsd-x64-0.28.2.tgz",
      "integrity": "sha1-C+Irbfkl0hPoQeqHEjr134Cw+vc=",
      "cpu": [
        "x64"
      ],
      "dev": true,
      "license": "MIT",
      "optional": true,
      "os": [
        "freebsd"
      ],
      "engines": {
        "node": ">=18"
      }
    },
    "node_modules/@esbuild/linux-arm": {
      "version": "0.28.2",
      "resolved": "http://artifactory.intra.ke.com/artifactory/api/npm/npm-virtual/@esbuild/linux-arm/-/linux-arm-0.28.2.tgz",
      "integrity": "sha1-vrEq1yuE9y0oSIzBuO6ffrFB11M=",
      "cpu": [
        "arm"
      ],
      "dev": true,
      "license": "MIT",
      "optional": true,
      "os": [
        "linux"
      ],
      "engines": {
        "node": ">=18"
      }
    },
    "node_modules/@esbuild/linux-arm64": {
      "version": "0.28.2",
      "resolved": "http://artifactory.intra.ke.com/artifactory/api/npm/npm-virtual/@esbuild/linux-arm64/-/linux-arm64-0.28.2.tgz",
      "integrity": "sha1-G9vGUc2pupmVxT7ZxxzqplCUdi0=",
      "cpu": [
        "arm64"
      ],
      "dev": true,
      "license": "MIT",
      "optional": true,
      "os": [
        "linux"
      ],
      "engines": {
        "node": ">=18"
      }
    },
    "node_modules/@esbuild/linux-ia32": {
      "version": "0.28.2",
      "resolved": "http://artifactory.intra.ke.com/artifactory/api/npm/npm-virtual/@esbuild/linux-ia32/-/linux-ia32-0.28.2.tgz",
      "integrity": "sha1-uB+dVVKbRcIGpGoTghSxqmh5aWs=",
      "cpu": [
        "ia32"
      ],
      "dev": true,
      "license": "MIT",
      "optional": true,
      "os": [
        "linux"
      ],
      "engines": {
        "node": ">=18"
      }
    },
    "node_modules/@esbuild/linux-loong64": {
      "version": "0.28.2",
      "resolved": "http://artifactory.intra.ke.com/artifactory/api/npm/npm-virtual/@esbuild/linux-loong64/-/linux-loong64-0.28.2.tgz",
      "integrity": "sha1-WYZnJBoEyZt27W75QKxQA4xBn5g=",
      "cpu": [
        "loong64"
      ],
      "dev": true,
      "license": "MIT",
      "optional": true,
      "os": [
        "linux"
      ],
      "engines": {
        "node": ">=18"
      }
    },
    "node_modules/@esbuild/linux-mips64el": {
      "version": "0.28.2",
      "resolved": "http://artifactory.intra.ke.com/artifactory/api/npm/npm-virtual/@esbuild/linux-mips64el/-/linux-mips64el-0.28.2.tgz",
      "integrity": "sha1-HFHrnOqQP1PZe1rzsYQdtw9Vlso=",
      "cpu": [
        "mips64el"
      ],
      "dev": true,
      "license": "MIT",
      "optional": true,
      "os": [
        "linux"
      ],
      "engines": {
        "node": ">=18"
      }
    },
    "node_modules/@esbuild/linux-ppc64": {
      "version": "0.28.2",
      "resolved": "http://artifactory.intra.ke.com/artifactory/api/npm/npm-virtual/@esbuild/linux-ppc64/-/linux-ppc64-0.28.2.tgz",
      "integrity": "sha1-Y91h8XzrMagSJ/QT/qyKcbwsUfI=",
      "cpu": [
        "ppc64"
      ],
      "dev": true,
      "license": "MIT",
      "optional": true,
      "os": [
        "linux"
      ],
      "engines": {
        "node": ">=18"
      }
    },
    "node_modules/@esbuild/linux-riscv64": {
      "version": "0.28.2",
      "resolved": "http://artifactory.intra.ke.com/artifactory/api/npm/npm-virtual/@esbuild/linux-riscv64/-/linux-riscv64-0.28.2.tgz",
      "integrity": "sha1-N2Owj95c8lqx+suOd1Lt/kX7/Cc=",
      "cpu": [
        "riscv64"
      ],
      "dev": true,
      "license": "MIT",
      "optional": true,
      "os": [
        "linux"
      ],
      "engines": {
        "node": ">=18"
      }
    },
    "node_modules/@esbuild/linux-s390x": {
      "version": "0.28.2",
      "resolved": "http://artifactory.intra.ke.com/artifactory/api/npm/npm-virtual/@esbuild/linux-s390x/-/linux-s390x-0.28.2.tgz",
      "integrity": "sha1-GhN/8pOoKQbrMXY4W9fo4OXPt8s=",
      "cpu": [
        "s390x"
      ],
      "dev": true,
      "license": "MIT",
      "optional": true,
      "os": [
        "linux"
      ],
      "engines": {
        "node": ">=18"
      }
    },
    "node_modules/@esbuild/linux-x64": {
      "version": "0.28.2",
      "resolved": "http://artifactory.intra.ke.com/artifactory/api/npm/npm-virtual/@esbuild/linux-x64/-/linux-x64-0.28.2.tgz",
      "integrity": "sha1-Jos2IRwUbKVPj+EsV4qNbviXlIU=",
      "cpu": [
        "x64"
      ],
      "dev": true,
      "license": "MIT",
      "optional": true,
      "os": [
        "linux"
      ],
      "engines": {
        "node": ">=18"
      }
    },
    "node_modules/@esbuild/netbsd-arm64": {
      "version": "0.28.2",
      "resolved": "http://artifactory.intra.ke.com/artifactory/api/npm/npm-virtual/@esbuild/netbsd-arm64/-/netbsd-arm64-0.28.2.tgz",
      "integrity": "sha1-Ilca2VHWK7aszILY0frVyMGsC6E=",
      "cpu": [
        "arm64"
      ],
      "dev": true,
      "license": "MIT",
      "optional": true,
      "os": [
        "netbsd"
      ],
      "engines": {
        "node": ">=18"
      }
    },
    "node_modules/@esbuild/netbsd-x64": {
      "version": "0.28.2",
      "resolved": "http://artifactory.intra.ke.com/artifactory/api/npm/npm-virtual/@esbuild/netbsd-x64/-/netbsd-x64-0.28.2.tgz",
      "integrity": "sha1-QvzFcpfrCgyj9fxHUpH0waP3wN4=",
      "cpu": [
        "x64"
      ],
      "dev": true,
      "license": "MIT",
      "optional": true,
      "os": [
        "netbsd"
      ],
      "engines": {
        "node": ">=18"
      }
    },
    "node_modules/@esbuild/openbsd-arm64": {
      "version": "0.28.2",
      "resolved": "http://artifactory.intra.ke.com/artifactory/api/npm/npm-virtual/@esbuild/openbsd-arm64/-/openbsd-arm64-0.28.2.tgz",
      "integrity": "sha1-nrMq8QSsPaz07coB9ZZmSqsMc+8=",
      "cpu": [
        "arm64"
      ],
      "dev": true,
      "license": "MIT",
      "optional": true,
      "os": [
        "openbsd"
      ],
      "engines": {
        "node": ">=18"
      }
    },
    "node_modules/@esbuild/openbsd-x64": {
      "version": "0.28.2",
      "resolved": "http://artifactory.intra.ke.com/artifactory/api/npm/npm-virtual/@esbuild/openbsd-x64/-/openbsd-x64-0.28.2.tgz",
      "integrity": "sha1-/r7SQC1giCJekfIPtM4lIq0KTv0=",
      "cpu": [
        "x64"
      ],
      "dev": true,
      "license": "MIT",
      "optional": true,
      "os": [
        "openbsd"
      ],
      "engines": {
        "node": ">=18"
      }
    },
    "node_modules/@esbuild/openharmony-arm64": {
      "version": "0.28.2",
      "resolved": "http://artifactory.intra.ke.com/artifactory/api/npm/npm-virtual/@esbuild/openharmony-arm64/-/openharmony-arm64-0.28.2.tgz",
      "integrity": "sha1-hWQcPUZkKL+8zqXyHCaDZmP+9c4=",
      "cpu": [
        "arm64"
      ],
      "dev": true,
      "license": "MIT",
      "optional": true,
      "os": [
        "openharmony"
      ],
      "engines": {
        "node": ">=18"
      }
    },
    "node_modules/@esbuild/sunos-x64": {
      "version": "0.28.2",
      "resolved": "http://artifactory.intra.ke.com/artifactory/api/npm/npm-virtual/@esbuild/sunos-x64/-/sunos-x64-0.28.2.tgz",
      "integrity": "sha1-pzb52JYkgQRfxMPlT1R58iyHD7Q=",
      "cpu": [
        "x64"
      ],
      "dev": true,
      "license": "MIT",
      "optional": true,
      "os": [
        "sunos"
      ],
      "engines": {
        "node": ">=18"
      }
    },
    "node_modules/@esbuild/win32-arm64": {
      "version": "0.28.2",
      "resolved": "http://artifactory.intra.ke.com/artifactory/api/npm/npm-virtual/@esbuild/win32-arm64/-/win32-arm64-0.28.2.tgz",
      "integrity": "sha1-7lq0D60YYgG2UqM/il6xSenkJTI=",
      "cpu": [
        "arm64"
      ],
      "dev": true,
      "license": "MIT",
      "optional": true,
      "os": [
        "win32"
      ],
      "engines": {
        "node": ">=18"
      }
    },
    "node_modules/@esbuild/win32-ia32": {
      "version": "0.28.2",
      "resolved": "http://artifactory.intra.ke.com/artifactory/api/npm/npm-virtual/@esbuild/win32-ia32/-/win32-ia32-0.28.2.tgz",
      "integrity": "sha1-xA0optmaEn2mcR8q/XSxHLY7Bqc=",
      "cpu": [
        "ia32"
      ],
      "dev": true,
      "license": "MIT",
      "optional": true,
      "os": [
        "win32"
      ],
      "engines": {
        "node": ">=18"
      }
    },
    "node_modules/@esbuild/win32-x64": {
      "version": "0.28.2",
      "resolved": "http://artifactory.intra.ke.com/artifactory/api/npm/npm-virtual/@esbuild/win32-x64/-/win32-x64-0.28.2.tgz",
      "integrity": "sha1-shr/uATMFnwTPZX0WzodwTI7moc=",
      "cpu": [
        "x64"
      ],
      "dev": true,
      "license": "MIT",
      "optional": true,
      "os": [
        "win32"
      ],
      "engines": {
        "node": ">=18"
      }
    },
    "node_modules/@faker-js/faker": {
      "version": "10.6.0",
      "resolved": "http://artifactory.intra.ke.com/artifactory/api/npm/npm-virtual/@faker-js/faker/-/faker-10.6.0.tgz",
      "integrity": "sha1-trAkjw9Z4KxprWgDFn1Yu4JPkp0=",
      "funding": [
        {
          "type": "opencollective",
          "url": "https://opencollective.com/fakerjs"
        }
      ],
      "license": "MIT",
      "engines": {
        "node": "^20.19.0 || ^22.13.0 || ^23.5.0 || >=24.0.0",
        "npm": ">=10"
      }
    },
    "node_modules/@jridgewell/gen-mapping": {
      "version": "0.3.13",
      "resolved": "http://artifactory.intra.ke.com/artifactory/api/npm/npm-virtual/@jridgewell/gen-mapping/-/gen-mapping-0.3.13.tgz",
      "integrity": "sha1-Y0Khn0Q0dRjJPkOxrGnes8Rlah8=",
      "dev": true,
      "license": "MIT",
      "dependencies": {
        "@jridgewell/sourcemap-codec": "^1.5.0",
        "@jridgewell/trace-mapping": "^0.3.24"
      }
    },
    "node_modules/@jridgewell/remapping": {
      "version": "2.3.5",
      "resolved": "http://artifactory.intra.ke.com/artifactory/api/npm/npm-virtual/@jridgewell/remapping/-/remapping-2.3.5.tgz",
      "integrity": "sha1-N1xHbRlylHhRuh4Vro8SMEdEWqE=",
      "dev": true,
      "license": "MIT",
      "dependencies": {
        "@jridgewell/gen-mapping": "^0.3.5",
        "@jridgewell/trace-mapping": "^0.3.24"
      }
    },
    "node_modules/@jridgewell/resolve-uri": {
      "version": "3.1.2",
      "resolved": "http://artifactory.intra.ke.com/artifactory/api/npm/npm-virtual/@jridgewell/resolve-uri/-/resolve-uri-3.1.2.tgz",
      "integrity": "sha1-eg7mAfYPmaIMfHxf8MgDiMEYm9Y=",
      "dev": true,
      "license": "MIT",
      "engines": {
        "node": ">=6.0.0"
      }
    },
    "node_modules/@jridgewell/sourcemap-codec": {
      "version": "1.6.0",
      "resolved": "http://artifactory.intra.ke.com/artifactory/api/npm/npm-virtual/@jridgewell/sourcemap-codec/-/sourcemap-codec-1.6.0.tgz",
      "integrity": "sha1-9MZj6GLwbcmMpNRThixGkCeJoY0=",
      "dev": true,
      "license": "MIT"
    },
    "node_modules/@jridgewell/trace-mapping": {
      "version": "0.3.31",
      "resolved": "http://artifactory.intra.ke.com/artifactory/api/npm/npm-virtual/@jridgewell/trace-mapping/-/trace-mapping-0.3.31.tgz",
      "integrity": "sha1-2xXWeByTHzolGj2sOVAcmKYIL9A=",
      "dev": true,
      "license": "MIT",
      "dependencies": {
        "@jridgewell/resolve-uri": "^3.1.0",
        "@jridgewell/sourcemap-codec": "^1.4.14"
      }
    },
    "node_modules/@napi-rs/lzma-linux-x64-gnu": {
      "version": "1.5.1",
      "resolved": "http://artifactory.intra.ke.com/artifactory/api/npm/npm-virtual/@napi-rs/lzma-linux-x64-gnu/-/lzma-linux-x64-gnu-1.5.1.tgz",
      "integrity": "sha1-5X1DBpZgeGYgOAlPs465FG3Drqk=",
      "cpu": [
        "x64"
      ],
      "dev": true,
      "libc": [
        "glibc"
      ],
      "license": "MIT",
      "optional": true,
      "os": [
        "linux"
      ],
      "engines": {
        "node": "^22.20 || ^24.12 || >=25"
      }
    },
    "node_modules/@rollup/rollup-android-arm-eabi": {
      "version": "4.64.0",
      "resolved": "http://artifactory.intra.ke.com/artifactory/api/npm/npm-virtual/@rollup/rollup-android-arm-eabi/-/rollup-android-arm-eabi-4.64.0.tgz",
      "integrity": "sha1-EKEG5lFc5btGsniTwF62oqlF8Ew=",
      "cpu": [
        "arm"
      ],
      "dev": true,
      "license": "MIT",
      "optional": true,
      "os": [
        "android"
      ]
    },
    "node_modules/@rollup/rollup-android-arm64": {
      "version": "4.64.0",
      "resolved": "http://artifactory.intra.ke.com/artifactory/api/npm/npm-virtual/@rollup/rollup-android-arm64/-/rollup-android-arm64-4.64.0.tgz",
      "integrity": "sha1-l/OKMMLYeyOiKfn+8Boo7rTHJDM=",
      "cpu": [
        "arm64"
      ],
      "dev": true,
      "license": "MIT",
      "optional": true,
      "os": [
        "android"
      ]
    },
    "node_modules/@rollup/rollup-darwin-arm64": {
      "version": "4.64.0",
      "resolved": "http://artifactory.intra.ke.com/artifactory/api/npm/npm-virtual/@rollup/rollup-darwin-arm64/-/rollup-darwin-arm64-4.64.0.tgz",
      "integrity": "sha1-24JPMYK+7MBoY5UTL7MvhJSweSQ=",
      "cpu": [
        "arm64"
      ],
      "dev": true,
      "license": "MIT",
      "optional": true,
      "os": [
        "darwin"
      ]
    },
    "node_modules/@rollup/rollup-darwin-x64": {
      "version": "4.64.0",
      "resolved": "http://artifactory.intra.ke.com/artifactory/api/npm/npm-virtual/@rollup/rollup-darwin-x64/-/rollup-darwin-x64-4.64.0.tgz",
      "integrity": "sha1-Be0h2UzS+1VvukjS9hA8nCW3X6Q=",
      "cpu": [
        "x64"
      ],
      "dev": true,
      "license": "MIT",
      "optional": true,
      "os": [
        "darwin"
      ]
    },
    "node_modules/@rollup/rollup-freebsd-arm64": {
      "version": "4.64.0",
      "resolved": "http://artifactory.intra.ke.com/artifactory/api/npm/npm-virtual/@rollup/rollup-freebsd-arm64/-/rollup-freebsd-arm64-4.64.0.tgz",
      "integrity": "sha1-/H3jm3QzFAEYpzBXBz/KDqhvpko=",
      "cpu": [
        "arm64"
      ],
      "dev": true,
      "license": "MIT",
      "optional": true,
      "os": [
        "freebsd"
      ]
    },
    "node_modules/@rollup/rollup-freebsd-x64": {
      "version": "4.64.0",
      "resolved": "http://artifactory.intra.ke.com/artifactory/api/npm/npm-virtual/@rollup/rollup-freebsd-x64/-/rollup-freebsd-x64-4.64.0.tgz",
      "integrity": "sha1-ivr2y8m+xiuaGT0OZKtechpZXCI=",
      "cpu": [
        "x64"
      ],
      "dev": true,
      "license": "MIT",
      "optional": true,
      "os": [
        "freebsd"
      ]
    },
    "node_modules/@rollup/rollup-linux-arm-gnueabihf": {
      "version": "4.64.0",
      "resolved": "http://artifactory.intra.ke.com/artifactory/api/npm/npm-virtual/@rollup/rollup-linux-arm-gnueabihf/-/rollup-linux-arm-gnueabihf-4.64.0.tgz",
      "integrity": "sha1-OS2yRwRQFctlx2qC8TAsbvu5T6M=",
      "cpu": [
        "arm"
      ],
      "dev": true,
      "libc": [
        "glibc"
      ],
      "license": "MIT",
      "optional": true,
      "os": [
        "linux"
      ]
    },
    "node_modules/@rollup/rollup-linux-arm-musleabihf": {
      "version": "4.64.0",
      "resolved": "http://artifactory.intra.ke.com/artifactory/api/npm/npm-virtual/@rollup/rollup-linux-arm-musleabihf/-/rollup-linux-arm-musleabihf-4.64.0.tgz",
      "integrity": "sha1-vtJiwRNaT+GRKz1Ko6dk/IzIQkA=",
      "cpu": [
        "arm"
      ],
      "dev": true,
      "libc": [
        "musl"
      ],
      "license": "MIT",
      "optional": true,
      "os": [
        "linux"
      ]
    },
    "node_modules/@rollup/rollup-linux-arm64-gnu": {
      "version": "4.64.0",
      "resolved": "http://artifactory.intra.ke.com/artifactory/api/npm/npm-virtual/@rollup/rollup-linux-arm64-gnu/-/rollup-linux-arm64-gnu-4.64.0.tgz",
      "integrity": "sha1-pJTkbXEdABy82w6CnWFjG+YyrMs=",
      "cpu": [
        "arm64"
      ],
      "dev": true,
      "libc": [
        "glibc"
      ],
      "license": "MIT",
      "optional": true,
      "os": [
        "linux"
      ]
    },
    "node_modules/@rollup/rollup-linux-arm64-musl": {
      "version": "4.64.0",
      "resolved": "http://artifactory.intra.ke.com/artifactory/api/npm/npm-virtual/@rollup/rollup-linux-arm64-musl/-/rollup-linux-arm64-musl-4.64.0.tgz",
      "integrity": "sha1-+cWKdWYlpfQUvOK1fZwfLNFEbbE=",
      "cpu": [
        "arm64"
      ],
      "dev": true,
      "libc": [
        "musl"
      ],
      "license": "MIT",
      "optional": true,
      "os": [
        "linux"
      ]
    },
    "node_modules/@rollup/rollup-linux-loong64-gnu": {
      "version": "4.64.0",
      "resolved": "http://artifactory.intra.ke.com/artifactory/api/npm/npm-virtual/@rollup/rollup-linux-loong64-gnu/-/rollup-linux-loong64-gnu-4.64.0.tgz",
      "integrity": "sha1-9N9C0pvtXURVzNYXhXtvzYfU9WU=",
      "cpu": [
        "loong64"
      ],
      "dev": true,
      "libc": [
        "glibc"
      ],
      "license": "MIT",
      "optional": true,
      "os": [
        "linux"
      ]
    },
    "node_modules/@rollup/rollup-linux-loong64-musl": {
      "version": "4.64.0",
      "resolved": "http://artifactory.intra.ke.com/artifactory/api/npm/npm-virtual/@rollup/rollup-linux-loong64-musl/-/rollup-linux-loong64-musl-4.64.0.tgz",
      "integrity": "sha1-tXSMX63FYRBDKsDwl/IPPrIlSkA=",
      "cpu": [
        "loong64"
      ],
      "dev": true,
      "libc": [
        "musl"
      ],
      "license": "MIT",
      "optional": true,
      "os": [
        "linux"
      ]
    },
    "node_modules/@rollup/rollup-linux-ppc64-gnu": {
      "version": "4.64.0",
      "resolved": "http://artifactory.intra.ke.com/artifactory/api/npm/npm-virtual/@rollup/rollup-linux-ppc64-gnu/-/rollup-linux-ppc64-gnu-4.64.0.tgz",
      "integrity": "sha1-IiMtprkKDJCqXMeaWxxAvk6iNd4=",
      "cpu": [
        "ppc64"
      ],
      "dev": true,
      "libc": [
        "glibc"
      ],
      "license": "MIT",
      "optional": true,
      "os": [
        "linux"
      ]
    },
    "node_modules/@rollup/rollup-linux-ppc64-musl": {
      "version": "4.64.0",
      "resolved": "http://artifactory.intra.ke.com/artifactory/api/npm/npm-virtual/@rollup/rollup-linux-ppc64-musl/-/rollup-linux-ppc64-musl-4.64.0.tgz",
      "integrity": "sha1-j7jmgYm6sbrilLQN9XlQknHN+w4=",
      "cpu": [
        "ppc64"
      ],
      "dev": true,
      "libc": [
        "musl"
      ],
      "license": "MIT",
      "optional": true,
      "os": [
        "linux"
      ]
    },
    "node_modules/@rollup/rollup-linux-riscv64-gnu": {
      "version": "4.64.0",
      "resolved": "http://artifactory.intra.ke.com/artifactory/api/npm/npm-virtual/@rollup/rollup-linux-riscv64-gnu/-/rollup-linux-riscv64-gnu-4.64.0.tgz",
      "integrity": "sha1-X6F68RycTlbgyI5egB1ut1wJtAs=",
      "cpu": [
        "riscv64"
      ],
      "dev": true,
      "libc": [
        "glibc"
      ],
      "license": "MIT",
      "optional": true,
      "os": [
        "linux"
      ]
    },
    "node_modules/@rollup/rollup-linux-riscv64-musl": {
      "version": "4.64.0",
      "resolved": "http://artifactory.intra.ke.com/artifactory/api/npm/npm-virtual/@rollup/rollup-linux-riscv64-musl/-/rollup-linux-riscv64-musl-4.64.0.tgz",
      "integrity": "sha1-QnJIs2enYEyGsNGwE8qkfM9Gg9A=",
      "cpu": [
        "riscv64"
      ],
      "dev": true,
      "libc": [
        "musl"
      ],
      "license": "MIT",
      "optional": true,
      "os": [
        "linux"
      ]
    },
    "node_modules/@rollup/rollup-linux-s390x-gnu": {
      "version": "4.64.0",
      "resolved": "http://artifactory.intra.ke.com/artifactory/api/npm/npm-virtual/@rollup/rollup-linux-s390x-gnu/-/rollup-linux-s390x-gnu-4.64.0.tgz",
      "integrity": "sha1-/U0CYmLIi7pkyJrM1joDvcn4XTY=",
      "cpu": [
        "s390x"
      ],
      "dev": true,
      "libc": [
        "glibc"
      ],
      "license": "MIT",
      "optional": true,
      "os": [
        "linux"
      ]
    },
    "node_modules/@rollup/rollup-linux-x64-gnu": {
      "version": "4.64.0",
      "resolved": "http://artifactory.intra.ke.com/artifactory/api/npm/npm-virtual/@rollup/rollup-linux-x64-gnu/-/rollup-linux-x64-gnu-4.64.0.tgz",
      "integrity": "sha1-cXOPDCKH/IjFNE7L0sqHdpgvr30=",
      "cpu": [
        "x64"
      ],
      "dev": true,
      "libc": [
        "glibc"
      ],
      "license": "MIT",
      "optional": true,
      "os": [
        "linux"
      ]
    },
    "node_modules/@rollup/rollup-linux-x64-musl": {
      "version": "4.64.0",
      "resolved": "http://artifactory.intra.ke.com/artifactory/api/npm/npm-virtual/@rollup/rollup-linux-x64-musl/-/rollup-linux-x64-musl-4.64.0.tgz",
      "integrity": "sha1-SeO6hjc7VkUfvDB+lrzvmlZIMiM=",
      "cpu": [
        "x64"
      ],
      "dev": true,
      "libc": [
        "musl"
      ],
      "license": "MIT",
      "optional": true,
      "os": [
        "linux"
      ]
    },
    "node_modules/@rollup/rollup-openbsd-x64": {
      "version": "4.64.0",
      "resolved": "http://artifactory.intra.ke.com/artifactory/api/npm/npm-virtual/@rollup/rollup-openbsd-x64/-/rollup-openbsd-x64-4.64.0.tgz",
      "integrity": "sha1-DMwfvwx3QtgXdIQ/sKgnRXPu3OM=",
      "cpu": [
        "x64"
      ],
      "dev": true,
      "license": "MIT",
      "optional": true,
      "os": [
        "openbsd"
      ]
    },
    "node_modules/@rollup/rollup-openharmony-arm64": {
      "version": "4.64.0",
      "resolved": "http://artifactory.intra.ke.com/artifactory/api/npm/npm-virtual/@rollup/rollup-openharmony-arm64/-/rollup-openharmony-arm64-4.64.0.tgz",
      "integrity": "sha1-MLEpDx2VFwJOdXTeErgx5cjHndk=",
      "cpu": [
        "arm64"
      ],
      "dev": true,
      "license": "MIT",
      "optional": true,
      "os": [
        "openharmony"
      ]
    },
    "node_modules/@rollup/rollup-win32-arm64-msvc": {
      "version": "4.64.0",
      "resolved": "http://artifactory.intra.ke.com/artifactory/api/npm/npm-virtual/@rollup/rollup-win32-arm64-msvc/-/rollup-win32-arm64-msvc-4.64.0.tgz",
      "integrity": "sha1-NQ9tuy60sVD0g+PB63ZmN2DfU/M=",
      "cpu": [
        "arm64"
      ],
      "dev": true,
      "license": "MIT",
      "optional": true,
      "os": [
        "win32"
      ]
    },
    "node_modules/@rollup/rollup-win32-ia32-msvc": {
      "version": "4.64.0",
      "resolved": "http://artifactory.intra.ke.com/artifactory/api/npm/npm-virtual/@rollup/rollup-win32-ia32-msvc/-/rollup-win32-ia32-msvc-4.64.0.tgz",
      "integrity": "sha1-min/AEAkhIf/1cwsavBcxkdHElY=",
      "cpu": [
        "ia32"
      ],
      "dev": true,
      "license": "MIT",
      "optional": true,
      "os": [
        "win32"
      ]
    },
    "node_modules/@rollup/rollup-win32-x64-gnu": {
      "version": "4.64.0",
      "resolved": "http://artifactory.intra.ke.com/artifactory/api/npm/npm-virtual/@rollup/rollup-win32-x64-gnu/-/rollup-win32-x64-gnu-4.64.0.tgz",
      "integrity": "sha1-zq2UWw389XvvGS5XhqNPdlxIkG8=",
      "cpu": [
        "x64"
      ],
      "dev": true,
      "license": "MIT",
      "optional": true,
      "os": [
        "win32"
      ]
    },
    "node_modules/@rollup/rollup-win32-x64-msvc": {
      "version": "4.64.0",
      "resolved": "http://artifactory.intra.ke.com/artifactory/api/npm/npm-virtual/@rollup/rollup-win32-x64-msvc/-/rollup-win32-x64-msvc-4.64.0.tgz",
      "integrity": "sha1-lx9ro7L98zvG5uahDL7l3TfF4j0=",
      "cpu": [
        "x64"
      ],
      "dev": true,
      "license": "MIT",
      "optional": true,
      "os": [
        "win32"
      ]
    },
    "node_modules/@sveltejs/acorn-typescript": {
      "version": "1.0.13",
      "resolved": "http://artifactory.intra.ke.com/artifactory/api/npm/npm-virtual/@sveltejs/acorn-typescript/-/acorn-typescript-1.0.13.tgz",
      "integrity": "sha1-jHw8xwFOIS8uj8zuAVnb7P5gJAU=",
      "dev": true,
      "license": "MIT",
      "peerDependencies": {
        "acorn": "^8.9.0"
      }
    },
    "node_modules/@sveltejs/vite-plugin-svelte": {
      "version": "6.2.4",
      "resolved": "http://artifactory.intra.ke.com/artifactory/api/npm/npm-virtual/@sveltejs/vite-plugin-svelte/-/vite-plugin-svelte-6.2.4.tgz",
      "integrity": "sha1-86HawOunCgU711DhoV9/sa5x+k8=",
      "dev": true,
      "license": "MIT",
      "dependencies": {
        "@sveltejs/vite-plugin-svelte-inspector": "^5.0.0",
        "deepmerge": "^4.3.1",
        "magic-string": "^0.30.21",
        "obug": "^2.1.0",
        "vitefu": "^1.1.1"
      },
      "engines": {
        "node": "^20.19 || ^22.12 || >=24"
      },
      "peerDependencies": {
        "svelte": "^5.0.0",
        "vite": "^6.3.0 || ^7.0.0"
      }
    },
    "node_modules/@sveltejs/vite-plugin-svelte-inspector": {
      "version": "5.0.2",
      "resolved": "http://artifactory.intra.ke.com/artifactory/api/npm/npm-virtual/@sveltejs/vite-plugin-svelte-inspector/-/vite-plugin-svelte-inspector-5.0.2.tgz",
      "integrity": "sha1-gTAoIsKdUwz+cHx5XMoBTvAOnB4=",
      "dev": true,
      "license": "MIT",
      "dependencies": {
        "obug": "^2.1.0"
      },
      "engines": {
        "node": "^20.19 || ^22.12 || >=24"
      },
      "peerDependencies": {
        "@sveltejs/vite-plugin-svelte": "^6.0.0-next.0",
        "svelte": "^5.0.0",
        "vite": "^6.3.0 || ^7.0.0"
      }
    },
    "node_modules/@types/estree": {
      "version": "1.0.9",
      "resolved": "http://artifactory.intra.ke.com/artifactory/api/npm/npm-virtual/@types/estree/-/estree-1.0.9.tgz",
      "integrity": "sha1-zz8Oh2177hWpOrkluCv1cKOQSiQ=",
      "dev": true,
      "license": "MIT"
    },
    "node_modules/acorn": {
      "version": "8.18.0",
      "resolved": "http://artifactory.intra.ke.com/artifactory/api/npm/npm-virtual/acorn/-/acorn-8.18.0.tgz",
      "integrity": "sha1-T68BstbTJr/u2XrqH1IiC19MGUA=",
      "dev": true,
      "license": "MIT",
      "bin": {
        "acorn": "bin/acorn"
      },
      "engines": {
        "node": ">=0.4.0"
      }
    },
    "node_modules/aria-query": {
      "version": "5.3.1",
      "resolved": "http://artifactory.intra.ke.com/artifactory/api/npm/npm-virtual/aria-query/-/aria-query-5.3.1.tgz",
      "integrity": "sha1-68ssDX/EPmjkyyL3dNEgnLYnq0I=",
      "dev": true,
      "license": "Apache-2.0",
      "engines": {
        "node": ">= 0.4"
      }
    },
    "node_modules/axobject-query": {
      "version": "4.1.0",
      "resolved": "http://artifactory.intra.ke.com/artifactory/api/npm/npm-virtual/axobject-query/-/axobject-query-4.1.0.tgz",
      "integrity": "sha1-KHaMdtDjz/IbxiqeLQtqwwBCoe4=",
      "dev": true,
      "license": "Apache-2.0",
      "engines": {
        "node": ">= 0.4"
      }
    },
    "node_modules/chance": {
      "version": "1.1.13",
      "resolved": "http://artifactory.intra.ke.com/artifactory/api/npm/npm-virtual/chance/-/chance-1.1.13.tgz",
      "integrity": "sha1-1Oz9IMXmeZqvXCJw12U7Mjhc1uM=",
      "license": "MIT"
    },
    "node_modules/clsx": {
      "version": "2.1.1",
      "resolved": "http://artifactory.intra.ke.com/artifactory/api/npm/npm-virtual/clsx/-/clsx-2.1.1.tgz",
      "integrity": "sha1-7tOXyf2L2IK/sY3qtxAgSaLzKZk=",
      "dev": true,
      "license": "MIT",
      "engines": {
        "node": ">=6"
      }
    },
    "node_modules/deepmerge": {
      "version": "4.3.1",
      "resolved": "http://artifactory.intra.ke.com/artifactory/api/npm/npm-virtual/deepmerge/-/deepmerge-4.3.1.tgz",
      "integrity": "sha1-RLXyFHzTsA1LVhN2hZZvJv0l3Uo=",
      "dev": true,
      "license": "MIT",
      "engines": {
        "node": ">=0.10.0"
      }
    },
    "node_modules/devalue": {
      "version": "5.9.4",
      "resolved": "http://artifactory.intra.ke.com/artifactory/api/npm/npm-virtual/devalue/-/devalue-5.9.4.tgz",
      "integrity": "sha1-9sy2OVaPUCM5NsjEi5KmkM+yLDQ=",
      "dev": true,
      "license": "MIT"
    },
    "node_modules/esbuild": {
      "version": "0.28.2",
      "resolved": "http://artifactory.intra.ke.com/artifactory/api/npm/npm-virtual/esbuild/-/esbuild-0.28.2.tgz",
      "integrity": "sha1-D0O9G62VW3LSTiJh46vllXzPCBY=",
      "dev": true,
      "hasInstallScript": true,
      "license": "MIT",
      "bin": {
        "esbuild": "bin/esbuild"
      },
      "engines": {
        "node": ">=18"
      },
      "optionalDependencies": {
        "@esbuild/aix-ppc64": "0.28.2",
        "@esbuild/android-arm": "0.28.2",
        "@esbuild/android-arm64": "0.28.2",
        "@esbuild/android-x64": "0.28.2",
        "@esbuild/darwin-arm64": "0.28.2",
        "@esbuild/darwin-x64": "0.28.2",
        "@esbuild/freebsd-arm64": "0.28.2",
        "@esbuild/freebsd-x64": "0.28.2",
        "@esbuild/linux-arm": "0.28.2",
        "@esbuild/linux-arm64": "0.28.2",
        "@esbuild/linux-ia32": "0.28.2",
        "@esbuild/linux-loong64": "0.28.2",
        "@esbuild/linux-mips64el": "0.28.2",
        "@esbuild/linux-ppc64": "0.28.2",
        "@esbuild/linux-riscv64": "0.28.2",
        "@esbuild/linux-s390x": "0.28.2",
        "@esbuild/linux-x64": "0.28.2",
        "@esbuild/netbsd-arm64": "0.28.2",
        "@esbuild/netbsd-x64": "0.28.2",
        "@esbuild/openbsd-arm64": "0.28.2",
        "@esbuild/openbsd-x64": "0.28.2",
        "@esbuild/openharmony-arm64": "0.28.2",
        "@esbuild/sunos-x64": "0.28.2",
        "@esbuild/win32-arm64": "0.28.2",
        "@esbuild/win32-ia32": "0.28.2",
        "@esbuild/win32-x64": "0.28.2"
      }
    },
    "node_modules/esm-env": {
      "version": "1.2.2",
      "resolved": "http://artifactory.intra.ke.com/artifactory/api/npm/npm-virtual/esm-env/-/esm-env-1.2.2.tgz",
      "integrity": "sha1-JjyUVcVYYfQWGN8xsgy1cfwgt14=",
      "dev": true,
      "license": "MIT"
    },
    "node_modules/esrap": {
      "version": "2.4.0",
      "resolved": "http://artifactory.intra.ke.com/artifactory/api/npm/npm-virtual/esrap/-/esrap-2.4.0.tgz",
      "integrity": "sha1-6gkOyYFdfZrMoubW6J5U4YPDT0I=",
      "dev": true,
      "license": "MIT",
      "dependencies": {
        "@jridgewell/sourcemap-codec": "^1.4.15"
      },
      "peerDependencies": {
        "@typescript-eslint/types": "^8.2.0"
      },
      "peerDependenciesMeta": {
        "@typescript-eslint/types": {
          "optional": true
        }
      }
    },
    "node_modules/fdir": {
      "version": "6.5.0",
      "resolved": "http://artifactory.intra.ke.com/artifactory/api/npm/npm-virtual/fdir/-/fdir-6.5.0.tgz",
      "integrity": "sha1-7Sq5Z6MxreYvGNB32uGSaE1Q01A=",
      "dev": true,
      "license": "MIT",
      "engines": {
        "node": ">=12.0.0"
      },
      "peerDependencies": {
        "picomatch": "^3 || ^4"
      },
      "peerDependenciesMeta": {
        "picomatch": {
          "optional": true
        }
      }
    },
    "node_modules/fsevents": {
      "version": "2.3.3",
      "resolved": "http://artifactory.intra.ke.com/artifactory/api/npm/npm-virtual/fsevents/-/fsevents-2.3.3.tgz",
      "integrity": "sha1-ysZAd4XQNnWipeGlMFxpezR9kNY=",
      "dev": true,
      "hasInstallScript": true,
      "license": "MIT",
      "optional": true,
      "os": [
        "darwin"
      ],
      "engines": {
        "node": "^8.16.0 || ^10.6.0 || >=11.0.0"
      }
    },
    "node_modules/is-reference": {
      "version": "3.0.3",
      "resolved": "http://artifactory.intra.ke.com/artifactory/api/npm/npm-virtual/is-reference/-/is-reference-3.0.3.tgz",
      "integrity": "sha1-nve/kCnHCmeyFS2krfV8I9cYkQ8=",
      "dev": true,
      "license": "MIT",
      "dependencies": {
        "@types/estree": "^1.0.6"
      }
    },
    "node_modules/locate-character": {
      "version": "3.0.0",
      "resolved": "http://artifactory.intra.ke.com/artifactory/api/npm/npm-virtual/locate-character/-/locate-character-3.0.0.tgz",
      "integrity": "sha1-AwXFuHRPYQKO9dAfREAJ4Ad5+XQ=",
      "dev": true,
      "license": "MIT"
    },
    "node_modules/magic-string": {
      "version": "0.30.21",
      "resolved": "http://artifactory.intra.ke.com/artifactory/api/npm/npm-virtual/magic-string/-/magic-string-0.30.21.tgz",
      "integrity": "sha1-VnY+wJoPqAkd8nh5/ZTRkHjADZE=",
      "dev": true,
      "license": "MIT",
      "dependencies": {
        "@jridgewell/sourcemap-codec": "^1.5.5"
      }
    },
    "node_modules/nanoid": {
      "version": "3.3.19",
      "resolved": "http://artifactory.intra.ke.com/artifactory/api/npm/npm-virtual/nanoid/-/nanoid-3.3.19.tgz",
      "integrity": "sha1-M21KpLzU+yTSzd7ef/6uQL7APwo=",
      "dev": true,
      "funding": [
        {
          "type": "github",
          "url": "https://github.com/sponsors/ai"
        }
      ],
      "license": "MIT",
      "bin": {
        "nanoid": "bin/nanoid.cjs"
      },
      "engines": {
        "node": "^10 || ^12 || ^13.7 || ^14 || >=15.0.1"
      }
    },
    "node_modules/obug": {
      "version": "2.2.1",
      "resolved": "http://artifactory.intra.ke.com/artifactory/api/npm/npm-virtual/obug/-/obug-2.2.1.tgz",
      "integrity": "sha1-nEU+/u2oIgUOuXdCQulpx4TWTXg=",
      "dev": true,
      "funding": [
        "https://github.com/sponsors/sxzz",
        "https://opencollective.com/debug"
      ],
      "license": "MIT",
      "engines": {
        "node": ">=12.20.0"
      }
    },
    "node_modules/picocolors": {
      "version": "1.1.1",
      "resolved": "http://artifactory.intra.ke.com/artifactory/api/npm/npm-virtual/picocolors/-/picocolors-1.1.1.tgz",
      "integrity": "sha1-PTIa8+q5ObCDyPkpodEs2oHCa2s=",
      "dev": true,
      "license": "ISC"
    },
    "node_modules/picomatch": {
      "version": "4.0.7",
      "resolved": "http://artifactory.intra.ke.com/artifactory/api/npm/npm-virtual/picomatch/-/picomatch-4.0.7.tgz",
      "integrity": "sha1-YxM2ADTMs2s9xh7L3/eBIfkP4h8=",
      "dev": true,
      "license": "MIT",
      "engines": {
        "node": ">=12"
      },
      "funding": {
        "url": "https://github.com/sponsors/jonschlinkert"
      }
    },
    "node_modules/postcss": {
      "version": "8.5.28",
      "resolved": "http://artifactory.intra.ke.com/artifactory/api/npm/npm-virtual/postcss/-/postcss-8.5.28.tgz",
      "integrity": "sha1-2kVjqZoG5i1sHNGsrjYyJLyu1uk=",
      "dev": true,
      "funding": [
        {
          "type": "opencollective",
          "url": "https://opencollective.com/postcss/"
        },
        {
          "type": "tidelift",
          "url": "https://tidelift.com/funding/github/npm/postcss"
        },
        {
          "type": "github",
          "url": "https://github.com/sponsors/ai"
        }
      ],
      "license": "MIT",
      "dependencies": {
        "nanoid": "^3.3.18",
        "picocolors": "^1.1.1",
        "source-map-js": "^1.2.1"
      },
      "engines": {
        "node": "^10 || ^12 || >=14"
      }
    },
    "node_modules/rollup": {
      "version": "4.64.0",
      "resolved": "http://artifactory.intra.ke.com/artifactory/api/npm/npm-virtual/rollup/-/rollup-4.64.0.tgz",
      "integrity": "sha1-OgAxVLkXLQRJnFz60SWS1u/jscw=",
      "dev": true,
      "license": "MIT",
      "dependencies": {
        "@types/estree": "1.0.9"
      },
      "bin": {
        "rollup": "dist/bin/rollup"
      },
      "engines": {
        "node": ">=18.0.0",
        "npm": ">=8.0.0"
      },
      "optionalDependencies": {
        "@napi-rs/lzma-linux-x64-gnu": "1.5.1",
        "@rollup/rollup-android-arm-eabi": "4.64.0",
        "@rollup/rollup-android-arm64": "4.64.0",
        "@rollup/rollup-darwin-arm64": "4.64.0",
        "@rollup/rollup-darwin-x64": "4.64.0",
        "@rollup/rollup-freebsd-arm64": "4.64.0",
        "@rollup/rollup-freebsd-x64": "4.64.0",
        "@rollup/rollup-linux-arm-gnueabihf": "4.64.0",
        "@rollup/rollup-linux-arm-musleabihf": "4.64.0",
        "@rollup/rollup-linux-arm64-gnu": "4.64.0",
        "@rollup/rollup-linux-arm64-musl": "4.64.0",
        "@rollup/rollup-linux-loong64-gnu": "4.64.0",
        "@rollup/rollup-linux-loong64-musl": "4.64.0",
        "@rollup/rollup-linux-ppc64-gnu": "4.64.0",
        "@rollup/rollup-linux-ppc64-musl": "4.64.0",
        "@rollup/rollup-linux-riscv64-gnu": "4.64.0",
        "@rollup/rollup-linux-riscv64-musl": "4.64.0",
        "@rollup/rollup-linux-s390x-gnu": "4.64.0",
        "@rollup/rollup-linux-x64-gnu": "4.64.0",
        "@rollup/rollup-linux-x64-musl": "4.64.0",
        "@rollup/rollup-openbsd-x64": "4.64.0",
        "@rollup/rollup-openharmony-arm64": "4.64.0",
        "@rollup/rollup-win32-arm64-msvc": "4.64.0",
        "@rollup/rollup-win32-ia32-msvc": "4.64.0",
        "@rollup/rollup-win32-x64-gnu": "4.64.0",
        "@rollup/rollup-win32-x64-msvc": "4.64.0",
        "fsevents": "~2.3.2"
      }
    },
    "node_modules/source-map-js": {
      "version": "1.2.2",
      "resolved": "http://artifactory.intra.ke.com/artifactory/api/npm/npm-virtual/source-map-js/-/source-map-js-1.2.2.tgz",
      "integrity": "sha1-efuI2XU1ohyycWLLBdIRtnrOpKs=",
      "dev": true,
      "license": "BSD-3-Clause",
      "engines": {
        "node": ">=0.10.0"
      }
    },
    "node_modules/svelte": {
      "version": "5.57.1",
      "resolved": "http://artifactory.intra.ke.com/artifactory/api/npm/npm-virtual/svelte/-/svelte-5.57.1.tgz",
      "integrity": "sha1-V/KH+nhyZSrnYtunBZnWYqVJrxU=",
      "dev": true,
      "license": "MIT",
      "dependencies": {
        "@jridgewell/remapping": "^2.3.5",
        "@jridgewell/sourcemap-codec": "^1.6.0",
        "@sveltejs/acorn-typescript": "^1.0.13",
        "@types/estree": "^1.0.9",
        "acorn": "^8.18.0",
        "aria-query": "5.3.1",
        "axobject-query": "^4.1.0",
        "clsx": "^2.1.1",
        "devalue": "^5.9.2",
        "esm-env": "^1.2.1",
        "esrap": "^2.3.6",
        "is-reference": "^3.0.3",
        "locate-character": "^3.0.0",
        "magic-string": "^0.30.11",
        "zimmerframe": "^1.1.2"
      },
      "engines": {
        "node": ">=18"
      }
    },
    "node_modules/tinyglobby": {
      "version": "0.2.17",
      "resolved": "http://artifactory.intra.ke.com/artifactory/api/npm/npm-virtual/tinyglobby/-/tinyglobby-0.2.17.tgz",
      "integrity": "sha1-ViqabJ6ys7Ej05cZ+a9btE/NdjE=",
      "dev": true,
      "license": "MIT",
      "dependencies": {
        "fdir": "^6.5.0",
        "picomatch": "^4.0.4"
      },
      "engines": {
        "node": ">=12.0.0"
      },
      "funding": {
        "url": "https://github.com/sponsors/SuperchupuDev"
      }
    },
    "node_modules/vite": {
      "version": "7.3.6",
      "resolved": "http://artifactory.intra.ke.com/artifactory/api/npm/npm-virtual/vite/-/vite-7.3.6.tgz",
      "integrity": "sha1-BUejleaNN0bppQXx/URp/gm0nMQ=",
      "dev": true,
      "license": "MIT",
      "dependencies": {
        "esbuild": "^0.27.0 || ^0.28.0",
        "fdir": "^6.5.0",
        "picomatch": "^4.0.3",
        "postcss": "^8.5.6",
        "rollup": "^4.43.0",
        "tinyglobby": "^0.2.15"
      },
      "bin": {
        "vite": "bin/vite.js"
      },
      "engines": {
        "node": "^20.19.0 || >=22.12.0"
      },
      "funding": {
        "url": "https://github.com/vitejs/vite?sponsor=1"
      },
      "optionalDependencies": {
        "fsevents": "~2.3.3"
      },
      "peerDependencies": {
        "@types/node": "^20.19.0 || >=22.12.0",
        "jiti": ">=1.21.0",
        "less": "^4.0.0",
        "lightningcss": "^1.21.0",
        "sass": "^1.70.0",
        "sass-embedded": "^1.70.0",
        "stylus": ">=0.54.8",
        "sugarss": "^5.0.0",
        "terser": "^5.16.0",
        "tsx": "^4.8.1",
        "yaml": "^2.4.2"
      },
      "peerDependenciesMeta": {
        "@types/node": {
          "optional": true
        },
        "jiti": {
          "optional": true
        },
        "less": {
          "optional": true
        },
        "lightningcss": {
          "optional": true
        },
        "sass": {
          "optional": true
        },
        "sass-embedded": {
          "optional": true
        },
        "stylus": {
          "optional": true
        },
        "sugarss": {
          "optional": true
        },
        "terser": {
          "optional": true
        },
        "tsx": {
          "optional": true
        },
        "yaml": {
          "optional": true
        }
      }
    },
    "node_modules/vitefu": {
      "version": "1.1.3",
      "resolved": "http://artifactory.intra.ke.com/artifactory/api/npm/npm-virtual/vitefu/-/vitefu-1.1.3.tgz",
      "integrity": "sha1-WbmIWxwgCFYxnX6c6w6ZoGVDAAk=",
      "dev": true,
      "license": "MIT",
      "workspaces": [
        "tests/deps/*",
        "tests/projects/*",
        "tests/projects/workspace/packages/*"
      ],
      "peerDependencies": {
        "vite": "^3.0.0 || ^4.0.0 || ^5.0.0 || ^6.0.0 || ^7.0.0 || ^8.0.0"
      },
      "peerDependenciesMeta": {
        "vite": {
          "optional": true
        }
      }
    },
    "node_modules/zimmerframe": {
      "version": "1.1.5",
      "resolved": "http://artifactory.intra.ke.com/artifactory/api/npm/npm-virtual/zimmerframe/-/zimmerframe-1.1.5.tgz",
      "integrity": "sha1-jjQgLgQZtCSXShl6unRqhCOj+6g=",
      "dev": true,
      "license": "MIT"
    }
  }
}
